github.com/yuin/goldmark v1.4.6 h1:EQ1OkiNq/eMbQxs/2O/A8VDIHERXGH14s19ednd4XIw=
github.com/yuin/goldmark v1.4.6/go.mod h1:rmuwmfZ0+bvzB24eSC//bk1R1Zp3hM0OXYv/G2LIilg=
golang.org/x/text v0.27.0 h1:4fGWRpyh641NLlecmyl4LOe6yDdfaYNrGb2zdfo4JV4=
golang.org/x/text v0.27.0/go.mod h1:1D28KMCvyooCX9hBiosv5Tz/+YLxj0j7XhWjpSUF7CU=
